// !$*UTF8*$!
{
	archiveVersion = 1;
	classes = {
	};
	objectVersion = 46;
	objects = {

/* Begin PBXBuildFile section */
		E217DE7F1C59B77300C6CA21 /* YXLHttpEngine.m in Sources */ = {isa = PBXBuildFile; fileRef = E217DE7E1C59B77300C6CA21 /* YXLHttpEngine.m */; };
		E217DE821C59E9D000C6CA21 /* YXLError.m in Sources */ = {isa = PBXBuildFile; fileRef = E217DE811C59E9D000C6CA21 /* YXLError.m */; };
		E217DE861C59EC3500C6CA21 /* YXLUserModel.m in Sources */ = {isa = PBXBuildFile; fileRef = E217DE851C59EC3500C6CA21 /* YXLUserModel.m */; };
		E22927E01C5B0CC200D3CDDE /* YXLURLCache.m in Sources */ = {isa = PBXBuildFile; fileRef = E22927DF1C5B0CC200D3CDDE /* YXLURLCache.m */; };
		E22927E31C5B630400D3CDDE /* YXLAlertController.m in Sources */ = {isa = PBXBuildFile; fileRef = E22927E21C5B630400D3CDDE /* YXLAlertController.m */; };
		E2407F151C8824F30061CF97 /* NSDate+RCF.m in Sources */ = {isa = PBXBuildFile; fileRef = E2407F141C8824F30061CF97 /* NSDate+RCF.m */; };
		E2B2302C1C9A90FB00955588 /* YXLARCMemoryCache.m in Sources */ = {isa = PBXBuildFile; fileRef = E2B2302B1C9A90FB00955588 /* YXLARCMemoryCache.m */; };
		E2D0DFA31C5750A800E446A1 /* main.m in Sources */ = {isa = PBXBuildFile; fileRef = E2D0DFA21C5750A800E446A1 /* main.m */; };
		E2D0DFA61C5750A800E446A1 /* AppDelegate.m in Sources */ = {isa = PBXBuildFile; fileRef = E2D0DFA51C5750A800E446A1 /* AppDelegate.m */; };
		E2D0DFA91C5750A800E446A1 /* ViewController.m in Sources */ = {isa = PBXBuildFile; fileRef = E2D0DFA81C5750A800E446A1 /* ViewController.m */; };
		E2D0DFAC1C5750A800E446A1 /* Main.storyboard in Resources */ = {isa = PBXBuildFile; fileRef = E2D0DFAA1C5750A800E446A1 /* Main.storyboard */; };
		E2D0DFAE1C5750A800E446A1 /* Assets.xcassets in Resources */ = {isa = PBXBuildFile; fileRef = E2D0DFAD1C5750A800E446A1 /* Assets.xcassets */; };
		E2D0DFB11C5750A800E446A1 /* LaunchScreen.storyboard in Resources */ = {isa = PBXBuildFile; fileRef = E2D0DFAF1C5750A800E446A1 /* LaunchScreen.storyboard */; };
		E2D0DFBC1C5750A800E446A1 /* YXLCachedNetworkTests.m in Sources */ = {isa = PBXBuildFile; fileRef = E2D0DFBB1C5750A800E446A1 /* YXLCachedNetworkTests.m */; };
		E2D0DFC71C5750A800E446A1 /* YXLCachedNetworkUITests.m in Sources */ = {isa = PBXBuildFile; fileRef = E2D0DFC61C5750A800E446A1 /* YXLCachedNetworkUITests.m */; };
		E2D0DFD81C5762DC00E446A1 /* YXLHttpClient.m in Sources */ = {isa = PBXBuildFile; fileRef = E2D0DFD71C5762DC00E446A1 /* YXLHttpClient.m */; };
		E2DEDB431C868A0F009B5661 /* YXLMemoryCache.m in Sources */ = {isa = PBXBuildFile; fileRef = E2DEDB421C868A0F009B5661 /* YXLMemoryCache.m */; };
		E2DEDB461C869180009B5661 /* YXLCache.m in Sources */ = {isa = PBXBuildFile; fileRef = E2DEDB451C869180009B5661 /* YXLCache.m */; };
		E2DEDB491C869609009B5661 /* YXLCacheModel.m in Sources */ = {isa = PBXBuildFile; fileRef = E2DEDB481C869609009B5661 /* YXLCacheModel.m */; };
		E2DEDB4C1C869768009B5661 /* YXLDiskCache.m in Sources */ = {isa = PBXBuildFile; fileRef = E2DEDB4B1C869768009B5661 /* YXLDiskCache.m */; };
		E2DFDC871C57786D00628CB0 /* YXLRequestModel.m in Sources */ = {isa = PBXBuildFile; fileRef = E2DFDC861C57786D00628CB0 /* YXLRequestModel.m */; };
/* End PBXBuildFile section */

/* Begin PBXContainerItemProxy section */
		E2D0DFB81C5750A800E446A1 /* PBXContainerItemProxy */ = {
			isa = PBXContainerItemProxy;
			containerPortal = E2D0DF961C5750A800E446A1 /* Project object */;
			proxyType = 1;
			remoteGlobalIDString = E2D0DF9D1C5750A800E446A1;
			remoteInfo = YXLCachedNetwork;
		};
		E2D0DFC31C5750A800E446A1 /* PBXContainerItemProxy */ = {
			isa = PBXContainerItemProxy;
			containerPortal = E2D0DF961C5750A800E446A1 /* Project object */;
			proxyType = 1;
			remoteGlobalIDString = E2D0DF9D1C5750A800E446A1;
			remoteInfo = YXLCachedNetwork;
		};
/* End PBXContainerItemProxy section */

/* Begin PBXFileReference section */
		E217DE7D1C59B77300C6CA21 /* YXLHttpEngine.h */ = {isa = PBXFileReference; fileEncoding = 4; lastKnownFileType = sourcecode.c.h; name = YXLHttpEngine.h; path = YXLNetwork/YXLHttpEngine.h; sourceTree = "<group>"; };
		E217DE7E1C59B77300C6CA21 /* YXLHttpEngine.m */ = {isa = PBXFileReference; fileEncoding = 4; lastKnownFileType = sourcecode.c.objc; name = YXLHttpEngine.m; path = YXLNetwork/YXLHttpEngine.m; sourceTree = "<group>"; };
		E217DE801C59E9D000C6CA21 /* YXLError.h */ = {isa = PBXFileReference; fileEncoding = 4; lastKnownFileType = sourcecode.c.h; name = YXLError.h; path = YXLNetwork/YXLError.h; sourceTree = "<group>"; };
		E217DE811C59E9D000C6CA21 /* YXLError.m */ = {isa = PBXFileReference; fileEncoding = 4; lastKnownFileType = sourcecode.c.objc; name = YXLError.m; path = YXLNetwork/YXLError.m; sourceTree = "<group>"; };
		E217DE841C59EC3500C6CA21 /* YXLUserModel.h */ = {isa = PBXFileReference; fileEncoding = 4; lastKnownFileType = sourcecode.c.h; path = YXLUserModel.h; sourceTree = "<group>"; };
		E217DE851C59EC3500C6CA21 /* YXLUserModel.m */ = {isa = PBXFileReference; fileEncoding = 4; lastKnownFileType = sourcecode.c.objc; path = YXLUserModel.m; sourceTree = "<group>"; };
		E22927DE1C5B0CC200D3CDDE /* YXLURLCache.h */ = {isa = PBXFileReference; fileEncoding = 4; lastKnownFileType = sourcecode.c.h; name = YXLURLCache.h; path = YXLNetwork/YXLURLCache.h; sourceTree = "<group>"; };
		E22927DF1C5B0CC200D3CDDE /* YXLURLCache.m */ = {isa = PBXFileReference; fileEncoding = 4; lastKnownFileType = sourcecode.c.objc; name = YXLURLCache.m; path = YXLNetwork/YXLURLCache.m; sourceTree = "<group>"; };
		E22927E11C5B630400D3CDDE /* YXLAlertController.h */ = {isa = PBXFileReference; fileEncoding = 4; lastKnownFileType = sourcecode.c.h; name = YXLAlertController.h; path = YXLNetwork/YXLAlertController.h; sourceTree = "<group>"; };
		E22927E21C5B630400D3CDDE /* YXLAlertController.m */ = {isa = PBXFileReference; fileEncoding = 4; lastKnownFileType = sourcecode.c.objc; name = YXLAlertController.m; path = YXLNetwork/YXLAlertController.m; sourceTree = "<group>"; };
		E2407F131C8824F30061CF97 /* NSDate+RCF.h */ = {isa = PBXFileReference; fileEncoding = 4; lastKnownFileType = sourcecode.c.h; name = "NSDate+RCF.h"; path = "YXLCache/NSDate+RCF.h"; sourceTree = "<group>"; };
		E2407F141C8824F30061CF97 /* NSDate+RCF.m */ = {isa = PBXFileReference; fileEncoding = 4; lastKnownFileType = sourcecode.c.objc; name = "NSDate+RCF.m"; path = "YXLCache/NSDate+RCF.m"; sourceTree = "<group>"; };
		E2B2302A1C9A90FB00955588 /* YXLARCMemoryCache.h */ = {isa = PBXFileReference; fileEncoding = 4; lastKnownFileType = sourcecode.c.h; name = YXLARCMemoryCache.h; path = YXLCache/YXLARCMemoryCache.h; sourceTree = "<group>"; };
		E2B2302B1C9A90FB00955588 /* YXLARCMemoryCache.m */ = {isa = PBXFileReference; fileEncoding = 4; lastKnownFileType = sourcecode.c.objc; name = YXLARCMemoryCache.m; path = YXLCache/YXLARCMemoryCache.m; sourceTree = "<group>"; };
		E2D0DF9E1C5750A800E446A1 /* YXLCachedNetwork.app */ = {isa = PBXFileReference; explicitFileType = wrapper.application; includeInIndex = 0; path = YXLCachedNetwork.app; sourceTree = BUILT_PRODUCTS_DIR; };
		E2D0DFA21C5750A800E446A1 /* main.m */ = {isa = PBXFileReference; lastKnownFileType = sourcecode.c.objc; path = main.m; sourceTree = "<group>"; };
		E2D0DFA41C5750A800E446A1 /* AppDelegate.h */ = {isa = PBXFileReference; lastKnownFileType = sourcecode.c.h; path = AppDelegate.h; sourceTree = "<group>"; };
		E2D0DFA51C5750A800E446A1 /* AppDelegate.m */ = {isa = PBXFileReference; lastKnownFileType = sourcecode.c.objc; path = AppDelegate.m; sourceTree = "<group>"; };
		E2D0DFA71C5750A800E446A1 /* ViewController.h */ = {isa = PBXFileReference; lastKnownFileType = sourcecode.c.h; path = ViewController.h; sourceTree = "<group>"; };
		E2D0DFA81C5750A800E446A1 /* ViewController.m */ = {isa = PBXFileReference; lastKnownFileType = sourcecode.c.objc; path = ViewController.m; sourceTree = "<group>"; };
		E2D0DFAB1C5750A800E446A1 /* Base */ = {isa = PBXFileReference; lastKnownFileType = file.storyboard; name = Base; path = Base.lproj/Main.storyboard; sourceTree = "<group>"; };
		E2D0DFAD1C5750A800E446A1 /* Assets.xcassets */ = {isa = PBXFileReference; lastKnownFileType = folder.assetcatalog; path = Assets.xcassets; sourceTree = "<group>"; };
		E2D0DFB01C5750A800E446A1 /* Base */ = {isa = PBXFileReference; lastKnownFileType = file.storyboard; name = Base; path = Base.lproj/LaunchScreen.storyboard; sourceTree = "<group>"; };
		E2D0DFB21C5750A800E446A1 /* Info.plist */ = {isa = PBXFileReference; lastKnownFileType = text.plist.xml; path = Info.plist; sourceTree = "<group>"; };
		E2D0DFB71C5750A800E446A1 /* YXLCachedNetworkTests.xctest */ = {isa = PBXFileReference; explicitFileType = wrapper.cfbundle; includeInIndex = 0; path = YXLCachedNetworkTests.xctest; sourceTree = BUILT_PRODUCTS_DIR; };
		E2D0DFBB1C5750A800E446A1 /* YXLCachedNetworkTests.m */ = {isa = PBXFileReference; lastKnownFileType = sourcecode.c.objc; path = YXLCachedNetworkTests.m; sourceTree = "<group>"; };
		E2D0DFBD1C5750A800E446A1 /* Info.plist */ = {isa = PBXFileReference; lastKnownFileType = text.plist.xml; path = Info.plist; sourceTree = "<group>"; };
		E2D0DFC21C5750A800E446A1 /* YXLCachedNetworkUITests.xctest */ = {isa = PBXFileReference; explicitFileType = wrapper.cfbundle; includeInIndex = 0; path = YXLCachedNetworkUITests.xctest; sourceTree = BUILT_PRODUCTS_DIR; };
		E2D0DFC61C5750A800E446A1 /* YXLCachedNetworkUITests.m */ = {isa = PBXFileReference; lastKnownFileType = sourcecode.c.objc; path = YXLCachedNetworkUITests.m; sourceTree = "<group>"; };
		E2D0DFC81C5750A800E446A1 /* Info.plist */ = {isa = PBXFileReference; lastKnownFileType = text.plist.xml; path = Info.plist; sourceTree = "<group>"; };
		E2D0DFD61C5762DC00E446A1 /* YXLHttpClient.h */ = {isa = PBXFileReference; fileEncoding = 4; lastKnownFileType = sourcecode.c.h; name = YXLHttpClient.h; path = YXLNetwork/YXLHttpClient.h; sourceTree = "<group>"; };
		E2D0DFD71C5762DC00E446A1 /* YXLHttpClient.m */ = {isa = PBXFileReference; fileEncoding = 4; lastKnownFileType = sourcecode.c.objc; name = YXLHttpClient.m; path = YXLNetwork/YXLHttpClient.m; sourceTree = "<group>"; };
		E2DEDB411C868A0F009B5661 /* YXLMemoryCache.h */ = {isa = PBXFileReference; fileEncoding = 4; lastKnownFileType = sourcecode.c.h; name = YXLMemoryCache.h; path = YXLCache/YXLMemoryCache.h; sourceTree = "<group>"; };
		E2DEDB421C868A0F009B5661 /* YXLMemoryCache.m */ = {isa = PBXFileReference; fileEncoding = 4; lastKnownFileType = sourcecode.c.objc; name = YXLMemoryCache.m; path = YXLCache/YXLMemoryCache.m; sourceTree = "<group>"; };
		E2DEDB441C869180009B5661 /* YXLCache.h */ = {isa = PBXFileReference; fileEncoding = 4; lastKnownFileType = sourcecode.c.h; name = YXLCache.h; path = YXLCache/YXLCache.h; sourceTree = "<group>"; };
		E2DEDB451C869180009B5661 /* YXLCache.m */ = {isa = PBXFileReference; fileEncoding = 4; lastKnownFileType = sourcecode.c.objc; name = YXLCache.m; path = YXLCache/YXLCache.m; sourceTree = "<group>"; };
		E2DEDB471C869609009B5661 /* YXLCacheModel.h */ = {isa = PBXFileReference; fileEncoding = 4; lastKnownFileType = sourcecode.c.h; name = YXLCacheModel.h; path = YXLCache/YXLCacheModel.h; sourceTree = "<group>"; };
		E2DEDB481C869609009B5661 /* YXLCacheModel.m */ = {isa = PBXFileReference; fileEncoding = 4; lastKnownFileType = sourcecode.c.objc; name = YXLCacheModel.m; path = YXLCache/YXLCacheModel.m; sourceTree = "<group>"; };
		E2DEDB4A1C869768009B5661 /* YXLDiskCache.h */ = {isa = PBXFileReference; fileEncoding = 4; lastKnownFileType = sourcecode.c.h; name = YXLDiskCache.h; path = YXLCache/YXLDiskCache.h; sourceTree = "<group>"; };
		E2DEDB4B1C869768009B5661 /* YXLDiskCache.m */ = {isa = PBXFileReference; fileEncoding = 4; lastKnownFileType = sourcecode.c.objc; name = YXLDiskCache.m; path = YXLCache/YXLDiskCache.m; sourceTree = "<group>"; };
		E2DFDC851C57786D00628CB0 /* YXLRequestModel.h */ = {isa = PBXFileReference; fileEncoding = 4; lastKnownFileType = sourcecode.c.h; name = YXLRequestModel.h; path = YXLNetwork/YXLRequestModel.h; sourceTree = "<group>"; };
		E2DFDC861C57786D00628CB0 /* YXLRequestModel.m */ = {isa = PBXFileReference; fileEncoding = 4; lastKnownFileType = sourcecode.c.objc; name = YXLRequestModel.m; path = YXLNetwork/YXLRequestModel.m; sourceTree = "<group>"; };
		E2F910FD1C86D7FA003644D8 /* Security.framework */ = {isa = PBXFileReference; lastKnownFileType = wrapper.framework; name = Security.framework; path = System/Library/Frameworks/Security.framework; sourceTree = SDKROOT; };
/* End PBXFileReference section */

/* Begin PBXFrameworksBuildPhase section */
		E2D0DF9B1C5750A800E446A1 /* Frameworks */ = {
			isa = PBXFrameworksBuildPhase;
			buildActionMask = 2147483647;
			files = (
			);
			runOnlyForDeploymentPostprocessing = 0;
		};
		E2D0DFB41C5750A800E446A1 /* Frameworks */ = {
			isa = PBXFrameworksBuildPhase;
			buildActionMask = 2147483647;
			files = (
			);
			runOnlyForDeploymentPostprocessing = 0;
		};
		E2D0DFBF1C5750A800E446A1 /* Frameworks */ = {
			isa = PBXFrameworksBuildPhase;
			buildActionMask = 2147483647;
			files = (
			);
			runOnlyForDeploymentPostprocessing = 0;
		};
/* End PBXFrameworksBuildPhase section */

/* Begin PBXGroup section */
		E217DE831C59EC2100C6CA21 /* Demo */ = {
			isa = PBXGroup;
			children = (
				E2D0DFA41C5750A800E446A1 /* AppDelegate.h */,
				E2D0DFA51C5750A800E446A1 /* AppDelegate.m */,
				E2D0DFA71C5750A800E446A1 /* ViewController.h */,
				E2D0DFA81C5750A800E446A1 /* ViewController.m */,
				E2D0DFAA1C5750A800E446A1 /* Main.storyboard */,
				E2D0DFAD1C5750A800E446A1 /* Assets.xcassets */,
				E2D0DFAF1C5750A800E446A1 /* LaunchScreen.storyboard */,
				E2D0DFB21C5750A800E446A1 /* Info.plist */,
				E2D0DFA11C5750A800E446A1 /* Supporting Files */,
				E217DE841C59EC3500C6CA21 /* YXLUserModel.h */,
				E217DE851C59EC3500C6CA21 /* YXLUserModel.m */,
			);
			name = Demo;
			sourceTree = "<group>";
		};
		E2D0DF951C5750A800E446A1 = {
			isa = PBXGroup;
			children = (
				E2F910FD1C86D7FA003644D8 /* Security.framework */,
				E2D0DFA01C5750A800E446A1 /* YXLCachedNetwork */,
				E2D0DFBA1C5750A800E446A1 /* YXLCachedNetworkTests */,
				E2D0DFC51C5750A800E446A1 /* YXLCachedNetworkUITests */,
				E2D0DF9F1C5750A800E446A1 /* Products */,
			);
			sourceTree = "<group>";
		};
		E2D0DF9F1C5750A800E446A1 /* Products */ = {
			isa = PBXGroup;
			children = (
				E2D0DF9E1C5750A800E446A1 /* YXLCachedNetwork.app */,
				E2D0DFB71C5750A800E446A1 /* YXLCachedNetworkTests.xctest */,
				E2D0DFC21C5750A800E446A1 /* YXLCachedNetworkUITests.xctest */,
			);
			name = Products;
			sourceTree = "<group>";
		};
		E2D0DFA01C5750A800E446A1 /* YXLCachedNetwork */ = {
			isa = PBXGroup;
			children = (
				E217DE831C59EC2100C6CA21 /* Demo */,
				E2D0DFD51C57524200E446A1 /* YXLCache */,
				E2D0DFD41C57523600E446A1 /* YXLNetwork */,
			);
			path = YXLCachedNetwork;
			sourceTree = "<group>";
		};
		E2D0DFA11C5750A800E446A1 /* Supporting Files */ = {
			isa = PBXGroup;
			children = (
				E2D0DFA21C5750A800E446A1 /* main.m */,
			);
			name = "Supporting Files";
			sourceTree = "<group>";
		};
		E2D0DFBA1C5750A800E446A1 /* YXLCachedNetworkTests */ = {
			isa = PBXGroup;
			children = (
				E2D0DFBB1C5750A800E446A1 /* YXLCachedNetworkTests.m */,
				E2D0DFBD1C5750A800E446A1 /* Info.plist */,
			);
			path = YXLCachedNetworkTests;
			sourceTree = "<group>";
		};
		E2D0DFC51C5750A800E446A1 /* YXLCachedNetworkUITests */ = {
			isa = PBXGroup;
			children = (
				E2D0DFC61C5750A800E446A1 /* YXLCachedNetworkUITests.m */,
				E2D0DFC81C5750A800E446A1 /* Info.plist */,
			);
			path = YXLCachedNetworkUITests;
			sourceTree = "<group>";
		};
		E2D0DFD41C57523600E446A1 /* YXLNetwork */ = {
			isa = PBXGroup;
			children = (
				E22927E11C5B630400D3CDDE /* YXLAlertController.h */,
				E22927E21C5B630400D3CDDE /* YXLAlertController.m */,
				E217DE801C59E9D000C6CA21 /* YXLError.h */,
				E217DE811C59E9D000C6CA21 /* YXLError.m */,
				E2D0DFD61C5762DC00E446A1 /* YXLHttpClient.h */,
				E2D0DFD71C5762DC00E446A1 /* YXLHttpClient.m */,
				E217DE7D1C59B77300C6CA21 /* YXLHttpEngine.h */,
				E217DE7E1C59B77300C6CA21 /* YXLHttpEngine.m */,
				E2DFDC851C57786D00628CB0 /* YXLRequestModel.h */,
				E2DFDC861C57786D00628CB0 /* YXLRequestModel.m */,
				E22927DE1C5B0CC200D3CDDE /* YXLURLCache.h */,
				E22927DF1C5B0CC200D3CDDE /* YXLURLCache.m */,
			);
			name = YXLNetwork;
			sourceTree = "<group>";
		};
		E2D0DFD51C57524200E446A1 /* YXLCache */ = {
			isa = PBXGroup;
			children = (
				E2DEDB411C868A0F009B5661 /* YXLMemoryCache.h */,
				E2DEDB421C868A0F009B5661 /* YXLMemoryCache.m */,
				E2DEDB441C869180009B5661 /* YXLCache.h */,
				E2DEDB451C869180009B5661 /* YXLCache.m */,
				E2DEDB471C869609009B5661 /* YXLCacheModel.h */,
				E2DEDB481C869609009B5661 /* YXLCacheModel.m */,
				E2DEDB4A1C869768009B5661 /* YXLDiskCache.h */,
				E2DEDB4B1C869768009B5661 /* YXLDiskCache.m */,
				E2407F131C8824F30061CF97 /* NSDate+RCF.h */,
				E2407F141C8824F30061CF97 /* NSDate+RCF.m */,
				E2B2302A1C9A90FB00955588 /* YXLARCMemoryCache.h */,
				E2B2302B1C9A90FB00955588 /* YXLARCMemoryCache.m */,
			);
			name = YXLCache;
			sourceTree = "<group>";
		};
/* End PBXGroup section */

/* Begin PBXNativeTarget section */
		E2D0DF9D1C5750A800E446A1 /* YXLCachedNetwork */ = {
			isa = PBXNativeTarget;
			buildConfigurationList = E2D0DFCB1C5750A800E446A1 /* Build configuration list for PBXNativeTarget "YXLCachedNetwork" */;
			buildPhases = (
				E2D0DF9A1C5750A800E446A1 /* Sources */,
				E2D0DF9B1C5750A800E446A1 /* Frameworks */,
				E2D0DF9C1C5750A800E446A1 /* Resources */,
			);
			buildRules = (
			);
			dependencies = (
			);
			name = YXLCachedNetwork;
			productName = YXLCachedNetwork;
			productReference = E2D0DF9E1C5750A800E446A1 /* YXLCachedNetwork.app */;
			productType = "com.apple.product-type.application";
		};
		E2D0DFB61C5750A800E446A1 /* YXLCachedNetworkTests */ = {
			isa = PBXNativeTarget;
			buildConfigurationList = E2D0DFCE1C5750A800E446A1 /* Build configuration list for PBXNativeTarget "YXLCachedNetworkTests" */;
			buildPhases = (
				E2D0DFB31C5750A800E446A1 /* Sources */,
				E2D0DFB41C5750A800E446A1 /* Frameworks */,
				E2D0DFB51C5750A800E446A1 /* Resources */,
			);
			buildRules = (
			);
			dependencies = (
				E2D0DFB91C5750A800E446A1 /* PBXTargetDependency */,
			);
			name = YXLCachedNetworkTests;
			productName = YXLCachedNetworkTests;
			productReference = E2D0DFB71C5750A800E446A1 /* YXLCachedNetworkTests.xctest */;
			productType = "com.apple.product-type.bundle.unit-test";
		};
		E2D0DFC11C5750A800E446A1 /* YXLCachedNetworkUITests */ = {
			isa = PBXNativeTarget;
			buildConfigurationList = E2D0DFD11C5750A800E446A1 /* Build configuration list for PBXNativeTarget "YXLCachedNetworkUITests" */;
			buildPhases = (
				E2D0DFBE1C5750A800E446A1 /* Sources */,
				E2D0DFBF1C5750A800E446A1 /* Frameworks */,
				E2D0DFC01C5750A800E446A1 /* Resources */,
			);
			buildRules = (
			);
			dependencies = (
				E2D0DFC41C5750A800E446A1 /* PBXTargetDependency */,
			);
			name = YXLCachedNetworkUITests;
			productName = YXLCachedNetworkUITests;
			productReference = E2D0DFC21C5750A800E446A1 /* YXLCachedNetworkUITests.xctest */;
			productType = "com.apple.product-type.bundle.ui-testing";
		};
/* End PBXNativeTarget section */

/* Begin PBXProject section */
		E2D0DF961C5750A800E446A1 /* Project object */ = {
			isa = PBXProject;
			attributes = {
				LastUpgradeCheck = 0720;
				ORGANIZATIONNAME = yingxl1992;
				TargetAttributes = {
					E2D0DF9D1C5750A800E446A1 = {
						CreatedOnToolsVersion = 7.2;
						DevelopmentTeam = 8GB5VM96LY;
					};
					E2D0DFB61C5750A800E446A1 = {
						CreatedOnToolsVersion = 7.2;
						DevelopmentTeam = 8GB5VM96LY;
						TestTargetID = E2D0DF9D1C5750A800E446A1;
					};
					E2D0DFC11C5750A800E446A1 = {
						CreatedOnToolsVersion = 7.2;
						DevelopmentTeam = 8GB5VM96LY;
						TestTargetID = E2D0DF9D1C5750A800E446A1;
					};
				};
			};
			buildConfigurationList = E2D0DF991C5750A800E446A1 /* Build configuration list for PBXProject "YXLCachedNetwork" */;
			compatibilityVersion = "Xcode 3.2";
			developmentRegion = English;
			hasScannedForEncodings = 0;
			knownRegions = (
				en,
				Base,
			);
			mainGroup = E2D0DF951C5750A800E446A1;
			productRefGroup = E2D0DF9F1C5750A800E446A1 /* Products */;
			projectDirPath = "";
			projectRoot = "";
			targets = (
				E2D0DF9D1C5750A800E446A1 /* YXLCachedNetwork */,
				E2D0DFB61C5750A800E446A1 /* YXLCachedNetworkTests */,
				E2D0DFC11C5750A800E446A1 /* YXLCachedNetworkUITests */,
			);
		};
/* End PBXProject section */

/* Begin PBXResourcesBuildPhase section */
		E2D0DF9C1C5750A800E446A1 /* Resources */ = {
			isa = PBXResourcesBuildPhase;
			buildActionMask = 2147483647;
			files = (
				E2D0DFB11C5750A800E446A1 /* LaunchScreen.storyboard in Resources */,
				E2D0DFAE1C5750A800E446A1 /* Assets.xcassets in Resources */,
				E2D0DFAC1C5750A800E446A1 /* Main.storyboard in Resources */,
			);
			runOnlyForDeploymentPostprocessing = 0;
		};
		E2D0DFB51C5750A800E446A1 /* Resources */ = {
			isa = PBXResourcesBuildPhase;
			buildActionMask = 2147483647;
			files = (
			);
			runOnlyForDeploymentPostprocessing = 0;
		};
		E2D0DFC01C5750A800E446A1 /* Resources */ = {
			isa = PBXResourcesBuildPhase;
			buildActionMask = 2147483647;
			files = (
			);
			runOnlyForDeploymentPostprocessing = 0;
		};
/* End PBXResourcesBuildPhase section */

/* Begin PBXSourcesBuildPhase section */
		E2D0DF9A1C5750A800E446A1 /* Sources */ = {
			isa = PBXSourcesBuildPhase;
			buildActionMask = 2147483647;
			files = (
				E217DE821C59E9D000C6CA21 /* YXLError.m in Sources */,
				E2D0DFA91C5750A800E446A1 /* ViewController.m in Sources */,
				E217DE7F1C59B77300C6CA21 /* YXLHttpEngine.m in Sources */,
				E2D0DFA61C5750A800E446A1 /* AppDelegate.m in Sources */,
				E2407F151C8824F30061CF97 /* NSDate+RCF.m in Sources */,
				E2DEDB491C869609009B5661 /* YXLCacheModel.m in Sources */,
				E22927E31C5B630400D3CDDE /* YXLAlertController.m in Sources */,
				E2DFDC871C57786D00628CB0 /* YXLRequestModel.m in Sources */,
				E2DEDB4C1C869768009B5661 /* YXLDiskCache.m in Sources */,
				E2DEDB461C869180009B5661 /* YXLCache.m in Sources */,
				E2D0DFD81C5762DC00E446A1 /* YXLHttpClient.m in Sources */,
				E22927E01C5B0CC200D3CDDE /* YXLURLCache.m in Sources */,
				E217DE861C59EC3500C6CA21 /* YXLUserModel.m in Sources */,
				E2D0DFA31C5750A800E446A1 /* main.m in Sources */,
				E2B2302C1C9A90FB00955588 /* YXLARCMemoryCache.m in Sources */,
				E2DEDB431C868A0F009B5661 /* YXLMemoryCache.m in Sources */,
			);
			runOnlyForDeploymentPostprocessing = 0;
		};
		E2D0DFB31C5750A800E446A1 /* Sources */ = {
			isa = PBXSourcesBuildPhase;
			buildActionMask = 2147483647;
			files = (
				E2D0DFBC1C5750A800E446A1 /* YXLCachedNetworkTests.m in Sources */,
			);
			runOnlyForDeploymentPostprocessing = 0;
		};
		E2D0DFBE1C5750A800E446A1 /* Sources */ = {
			isa = PBXSourcesBuildPhase;
			buildActionMask = 2147483647;
			files = (
				E2D0DFC71C5750A800E446A1 /* YXLCachedNetworkUITests.m in Sources */,
			);
			runOnlyForDeploymentPostprocessing = 0;
		};
/* End PBXSourcesBuildPhase section */

/* Begin PBXTargetDependency section */
		E2D0DFB91C5750A800E446A1 /* PBXTargetDependency */ = {
			isa = PBXTargetDependency;
			target = E2D0DF9D1C5750A800E446A1 /* YXLCachedNetwork */;
			targetProxy = E2D0DFB81C5750A800E446A1 /* PBXContainerItemProxy */;
		};
		E2D0DFC41C5750A800E446A1 /* PBXTargetDependency */ = {
			isa = PBXTargetDependency;
			target = E2D0DF9D1C5750A800E446A1 /* YXLCachedNetwork */;
			targetProxy = E2D0DFC31C5750A800E446A1 /* PBXContainerItemProxy */;
		};
/* End PBXTargetDependency section */

/* Begin PBXVariantGroup section */
		E2D0DFAA1C5750A800E446A1 /* Main.storyboard */ = {
			isa = PBXVariantGroup;
			children = (
				E2D0DFAB1C5750A800E446A1 /* Base */,
			);
			name = Main.storyboard;
			sourceTree = "<group>";
		};
		E2D0DFAF1C5750A800E446A1 /* LaunchScreen.storyboard */ = {
			isa = PBXVariantGroup;
			children = (
				E2D0DFB01C5750A800E446A1 /* Base */,
			);
			name = LaunchScreen.storyboard;
			sourceTree = "<group>";
		};
/* End PBXVariantGroup section */

/* Begin XCBuildConfiguration section */
		E2D0DFC91C5750A800E446A1 /* Debug */ = {
			isa = XCBuildConfiguration;
			buildSettings = {
				ALWAYS_SEARCH_USER_PATHS = NO;
				CLANG_CXX_LANGUAGE_STANDARD = "gnu++0x";
				CLANG_CXX_LIBRARY = "libc++";
				CLANG_ENABLE_MODULES = YES;
				CLANG_ENABLE_OBJC_ARC = YES;
				CLANG_WARN_BOOL_CONVERSION = YES;
				CLANG_WARN_CONSTANT_CONVERSION = YES;
				CLANG_WARN_DIRECT_OBJC_ISA_USAGE = YES_ERROR;
				CLANG_WARN_EMPTY_BODY = YES;
				CLANG_WARN_ENUM_CONVERSION = YES;
				CLANG_WARN_INT_CONVERSION = YES;
				CLANG_WARN_OBJC_ROOT_CLASS = YES_ERROR;
				CLANG_WARN_UNREACHABLE_CODE = YES;
				CLANG_WARN__DUPLICATE_METHOD_MATCH = YES;
				"CODE_SIGN_IDENTITY[sdk=iphoneos*]" = "iPhone Developer";
				COPY_PHASE_STRIP = NO;
				DEBUG_INFORMATION_FORMAT = dwarf;
				ENABLE_STRICT_OBJC_MSGSEND = YES;
				ENABLE_TESTABILITY = YES;
				GCC_C_LANGUAGE_STANDARD = gnu99;
				GCC_DYNAMIC_NO_PIC = NO;
				GCC_NO_COMMON_BLOCKS = YES;
				GCC_OPTIMIZATION_LEVEL = 0;
				GCC_PREPROCESSOR_DEFINITIONS = (
					"DEBUG=1",
					"$(inherited)",
				);
				GCC_WARN_64_TO_32_BIT_CONVERSION = YES;
				GCC_WARN_ABOUT_RETURN_TYPE = YES_ERROR;
				GCC_WARN_UNDECLARED_SELECTOR = YES;
				GCC_WARN_UNINITIALIZED_AUTOS = YES_AGGRESSIVE;
				GCC_WARN_UNUSED_FUNCTION = YES;
				GCC_WARN_UNUSED_VARIABLE = YES;
				IPHONEOS_DEPLOYMENT_TARGET = 9.2;
				MTL_ENABLE_DEBUG_INFO = YES;
				ONLY_ACTIVE_ARCH = YES;
				SDKROOT = iphoneos;
			};
			name = Debug;
		};
		E2D0DFCA1C5750A800E446A1 /* Release */ = {
			isa = XCBuildConfiguration;
			buildSettings = {
				ALWAYS_SEARCH_USER_PATHS = NO;
				CLANG_CXX_LANGUAGE_STANDARD = "gnu++0x";
				CLANG_CXX_LIBRARY = "libc++";
				CLANG_ENABLE_MODULES = YES;
				CLANG_ENABLE_OBJC_ARC = YES;
				CLANG_WARN_BOOL_CONVERSION = YES;
				CLANG_WARN_CONSTANT_CONVERSION = YES;
				CLANG_WARN_DIRECT_OBJC_ISA_USAGE = YES_ERROR;
				CLANG_WARN_EMPTY_BODY = YES;
				CLANG_WARN_ENUM_CONVERSION = YES;
				CLANG_WARN_INT_CONVERSION = YES;
				CLANG_WARN_OBJC_ROOT_CLASS = YES_ERROR;
				CLANG_WARN_UNREACHABLE_CODE = YES;
				CLANG_WARN__DUPLICATE_METHOD_MATCH = YES;
				"CODE_SIGN_IDENTITY[sdk=iphoneos*]" = "iPhone Developer";
				COPY_PHASE_STRIP = NO;
				DEBUG_INFORMATION_FORMAT = "dwarf-with-dsym";
				ENABLE_NS_ASSERTIONS = NO;
				ENABLE_STRICT_OBJC_MSGSEND = YES;
				GCC_C_LANGUAGE_STANDARD = gnu99;
				GCC_NO_COMMON_BLOCKS = YES;
				GCC_WARN_64_TO_32_BIT_CONVERSION = YES;
				GCC_WARN_ABOUT_RETURN_TYPE = YES_ERROR;
				GCC_WARN_UNDECLARED_SELECTOR = YES;
				GCC_WARN_UNINITIALIZED_AUTOS = YES_AGGRESSIVE;
				GCC_WARN_UNUSED_FUNCTION = YES;
				GCC_WARN_UNUSED_VARIABLE = YES;
				IPHONEOS_DEPLOYMENT_TARGET = 9.2;
				MTL_ENABLE_DEBUG_INFO = NO;
				SDKROOT = iphoneos;
				VALIDATE_PRODUCT = YES;
			};
			name = Release;
		};
		E2D0DFCC1C5750A800E446A1 /* Debug */ = {
			isa = XCBuildConfiguration;
			buildSettings = {
				ASSETCATALOG_COMPILER_APPICON_NAME = AppIcon;
				INFOPLIST_FILE = YXLCachedNetwork/Info.plist;
				LD_RUNPATH_SEARCH_PATHS = "$(inherited) @executable_path/Frameworks";
				PRODUCT_BUNDLE_IDENTIFIER = yingxl1992.YXLCachedNetwork;
				PRODUCT_NAME = "$(TARGET_NAME)";
			};
			name = Debug;
		};
		E2D0DFCD1C5750A800E446A1 /* Release */ = {
			isa = XCBuildConfiguration;
			buildSettings = {
				ASSETCATALOG_COMPILER_APPICON_NAME = AppIcon;
				INFOPLIST_FILE = YXLCachedNetwork/Info.plist;
				LD_RUNPATH_SEARCH_PATHS = "$(inherited) @executable_path/Frameworks";
				PRODUCT_BUNDLE_IDENTIFIER = yingxl1992.YXLCachedNetwork;
				PRODUCT_NAME = "$(TARGET_NAME)";
			};
			name = Release;
		};
		E2D0DFCF1C5750A800E446A1 /* Debug */ = {
			isa = XCBuildConfiguration;
			buildSettings = {
				BUNDLE_LOADER = "$(TEST_HOST)";
				INFOPLIST_FILE = YXLCachedNetworkTests/Info.plist;
				LD_RUNPATH_SEARCH_PATHS = "$(inherited) @executable_path/Frameworks @loader_path/Frameworks";
				PRODUCT_BUNDLE_IDENTIFIER = yingxl1992.YXLCachedNetworkTests;
				PRODUCT_NAME = "$(TARGET_NAME)";
				TEST_HOST = "$(BUILT_PRODUCTS_DIR)/YXLCachedNetwork.app/YXLCachedNetwork";
			};
			name = Debug;
		};
		E2D0DFD01C5750A800E446A1 /* Release */ = {
			isa = XCBuildConfiguration;
			buildSettings = {
				BUNDLE_LOADER = "$(TEST_HOST)";
				INFOPLIST_FILE = YXLCachedNetworkTests/Info.plist;
				LD_RUNPATH_SEARCH_PATHS = "$(inherited) @executable_path/Frameworks @loader_path/Frameworks";
				PRODUCT_BUNDLE_IDENTIFIER = yingxl1992.YXLCachedNetworkTests;
				PRODUCT_NAME = "$(TARGET_NAME)";
				TEST_HOST = "$(BUILT_PRODUCTS_DIR)/YXLCachedNetwork.app/YXLCachedNetwork";
			};
			name = Release;
		};
		E2D0DFD21C5750A800E446A1 /* Debug */ = {
			isa = XCBuildConfiguration;
			buildSettings = {
				INFOPLIST_FILE = YXLCachedNetworkUITests/Info.plist;
				LD_RUNPATH_SEARCH_PATHS = "$(inherited) @executable_path/Frameworks @loader_path/Frameworks";
				PRODUCT_BUNDLE_IDENTIFIER = yingxl1992.YXLCachedNetworkUITests;
				PRODUCT_NAME = "$(TARGET_NAME)";
				TEST_TARGET_NAME = YXLCachedNetwork;
				USES_XCTRUNNER = YES;
			};
			name = Debug;
		};
		E2D0DFD31C5750A800E446A1 /* Release */ = {
			isa = XCBuildConfiguration;
			buildSettings = {
				INFOPLIST_FILE = YXLCachedNetworkUITests/Info.plist;
				LD_RUNPATH_SEARCH_PATHS = "$(inherited) @executable_path/Frameworks @loader_path/Frameworks";
				PRODUCT_BUNDLE_IDENTIFIER = yingxl1992.YXLCachedNetworkUITests;
				PRODUCT_NAME = "$(TARGET_NAME)";
				TEST_TARGET_NAME = YXLCachedNetwork;
				USES_XCTRUNNER = YES;
			};
			name = Release;
		};
/* End XCBuildConfiguration section */

/* Begin XCConfigurationList section */
		E2D0DF991C5750A800E446A1 /* Build configuration list for PBXProject "YXLCachedNetwork" */ = {
			isa = XCConfigurationList;
			buildConfigurations = (
				E2D0DFC91C5750A800E446A1 /* Debug */,
				E2D0DFCA1C5750A800E446A1 /* Release */,
			);
			defaultConfigurationIsVisible = 0;
			defaultConfigurationName = Release;
		};
		E2D0DFCB1C5750A800E446A1 /* Build configuration list for PBXNativeTarget "YXLCachedNetwork" */ = {
			isa = XCConfigurationList;
			buildConfigurations = (
				E2D0DFCC1C5750A800E446A1 /* Debug */,
				E2D0DFCD1C5750A800E446A1 /* Release */,
			);
			defaultConfigurationIsVisible = 0;
			defaultConfigurationName = Release;
		};
		E2D0DFCE1C5750A800E446A1 /* Build configuration list for PBXNativeTarget "YXLCachedNetworkTests" */ = {
			isa = XCConfigurationList;
			buildConfigurations = (
				E2D0DFCF1C5750A800E446A1 /* Debug */,
				E2D0DFD01C5750A800E446A1 /* Release */,
			);
			defaultConfigurationIsVisible = 0;
			defaultConfigurationName = Release;
		};
		E2D0DFD11C5750A800E446A1 /* Build configuration list for PBXNativeTarget "YXLCachedNetworkUITests" */ = {
			isa = XCConfigurationList;
			buildConfigurations = (
				E2D0DFD21C5750A800E446A1 /* Debug */,
				E2D0DFD31C5750A800E446A1 /* Release */,
			);
			defaultConfigurationIsVisible = 0;
			defaultConfigurationName = Release;
		};
/* End XCConfigurationList section */
	};
	rootObject = E2D0DF961C5750A800E446A1 /* Project object */;
}
